<?xml version="1.0" encoding="utf-8"?>
<Project ToolsVersion="4.0" xmlns="http://schemas.microsoft.com/developer/msbuild/2003">
  <ItemGroup>
    <Filter Include="Source Files">
      <UniqueIdentifier>{4FC737F1-C7A5-4376-A066-2A32D752A2FF}</UniqueIdentifier>
      <Extensions>cpp;c;cc;cxx;def;odl;idl;hpj;bat;asm;asmx</Extensions>
    </Filter>
    <Filter Include="Header Files">
      <UniqueIdentifier>{93995380-89BD-4b04-88EB-625FBE52EBFB}</UniqueIdentifier>
      <Extensions>h;hh;hpp;hxx;hm;inl;inc;xsd</Extensions>
    </Filter>
    <Filter Include="Resource Files">
      <UniqueIdentifier>{67DA6AB6-F800-4c08-8B7A-83BB121AAD01}</UniqueIdentifier>
      <Extensions>rc;ico;cur;bmp;dlg;rc2;rct;bin;rgs;gif;jpg;jpeg;jpe;resx;tiff;tif;png;wav;mfcribbon-ms</Extensions>
    </Filter>
    <Filter Include="lh_include">
      <UniqueIdentifier>{0d436309-ad1e-42b5-99fb-c4d25e23b1a5}</UniqueIdentifier>
    </Filter>
    <Filter Include="common_gl">
      <UniqueIdentifier>{1104595b-657f-445e-bea9-2c2a1177b8ae}</UniqueIdentifier>
    </Filter>
    <Filter Include="common_gl\common_include">
      <UniqueIdentifier>{649d6a00-bee4-4e19-bc10-8f72805e5bc6}</UniqueIdentifier>
    </Filter>
    <Filter Include="common_gl\common_gl_include">
      <UniqueIdentifier>{14de01c1-fad0-4793-8815-d8b3837b117d}</UniqueIdentifier>
    </Filter>
    <Filter Include="common_gl\common_gl_source">
      <UniqueIdentifier>{76a472c5-2621-4906-ba8d-219e8cba8ae5}</UniqueIdentifier>
    </Filter>
    <Filter Include="lh_example">
      <UniqueIdentifier>{debb5fe0-adda-4ce7-abe0-bd9029720e23}</UniqueIdentifier>
    </Filter>
    <Filter Include="lh_modular">
      <UniqueIdentifier>{494ca37c-dc62-4b86-9675-6689ca7145b8}</UniqueIdentifier>
    </Filter>
    <Filter Include="lh_example\include">
      <UniqueIdentifier>{89fa55fb-5af0-4173-935c-ea614024fbdb}</UniqueIdentifier>
    </Filter>
    <Filter Include="lh_example\source">
      <UniqueIdentifier>{c4c51f47-814d-4757-a543-c71c639f628e}</UniqueIdentifier>
    </Filter>
    <Filter Include="lh_modular\include">
      <UniqueIdentifier>{8ebde75a-b3c1-486a-854f-6e7fa8385d52}</UniqueIdentifier>
    </Filter>
    <Filter Include="lh_modular\source">
      <UniqueIdentifier>{45e12adf-6af3-429f-950b-dc5d158b2326}</UniqueIdentifier>
    </Filter>
    <Filter Include="lh_example\gl_example">
      <UniqueIdentifier>{5a263dd5-29e5-4db4-b62c-eb79a1327661}</UniqueIdentifier>
    </Filter>
  </ItemGroup>
  <ItemGroup>
    <Text Include="ReadMe.txt" />
  </ItemGroup>
  <ItemGroup>
    <ClInclude Include="stdafx.h">
      <Filter>Header Files</Filter>
    </ClInclude>
    <ClInclude Include="targetver.h">
      <Filter>Header Files</Filter>
    </ClInclude>
    <ClInclude Include="..\lh_include\lhgl.h">
      <Filter>lh_include</Filter>
    </ClInclude>
    <ClInclude Include="..\lh_include\lhgl_config.h">
      <Filter>lh_include</Filter>
    </ClInclude>
    <ClInclude Include="common_gl\common_gl_include\lhgl_technique.h">
      <Filter>common_gl\common_gl_include</Filter>
    </ClInclude>
    <ClInclude Include="common_gl\common_gl_include\lhgl_types.h">
      <Filter>common_gl\common_gl_include</Filter>
    </ClInclude>
    <ClInclude Include="common_gl\common_gl_include\lhgl_util.h">
      <Filter>common_gl\common_gl_include</Filter>
    </ClInclude>
    <ClInclude Include="common_gl\common_gl_include\lhgl_atb.h">
      <Filter>common_gl\common_gl_include</Filter>
    </ClInclude>
    <ClInclude Include="common_gl\common_gl_include\lhgl_image.h">
      <Filter>common_gl\common_gl_include</Filter>
    </ClInclude>
    <ClInclude Include="common_gl\common_gl_include\lhgl_key_trans.h">
      <Filter>common_gl\common_gl_include</Filter>
    </ClInclude>
    <ClInclude Include="common_gl\common_gl_include\lhgl_keys.h">
      <Filter>common_gl\common_gl_include</Filter>
    </ClInclude>
    <ClInclude Include="common_gl\common_gl_include\lhgl_math.h">
      <Filter>common_gl\common_gl_include</Filter>
    </ClInclude>
    <ClInclude Include="common_gl\common_include\set_timer.h">
      <Filter>common_gl\common_include</Filter>
    </ClInclude>
    <ClInclude Include="common_gl\common_include\singleton.h">
      <Filter>common_gl\common_include</Filter>
    </ClInclude>
    <ClInclude Include="common_gl\common_include\base_config.h">
      <Filter>common_gl\common_include</Filter>
    </ClInclude>
    <ClInclude Include="gl_example\gl_example_include\gl_vertex.h">
      <Filter>lh_example\include</Filter>
    </ClInclude>
    <ClInclude Include="gl_example\gl_example_include\lhgl_interface.h">
      <Filter>lh_example\include</Filter>
    </ClInclude>
    <ClInclude Include="gl_example\gl_example_include\gl_render.h">
      <Filter>lh_example\include</Filter>
    </ClInclude>
    <ClInclude Include="gl_example\gl_example_include\gl_shadowmap.h">
      <Filter>lh_example\include</Filter>
    </ClInclude>
    <ClInclude Include="gl_example\gl_example_include\gl_shardes.h">
      <Filter>lh_example\include</Filter>
    </ClInclude>
    <ClInclude Include="gl_modular\gl_modular_include\lhgl_basic_lights.h">
      <Filter>lh_modular\include</Filter>
    </ClInclude>
    <ClInclude Include="gl_modular\gl_modular_include\lhgl_camera.h">
      <Filter>lh_modular\include</Filter>
    </ClInclude>
    <ClInclude Include="gl_modular\gl_modular_include\lhgl_lights_common.h">
      <Filter>lh_modular\include</Filter>
    </ClInclude>
    <ClInclude Include="gl_modular\gl_modular_include\lhgl_mesh.h">
      <Filter>lh_modular\include</Filter>
    </ClInclude>
    <ClInclude Include="gl_modular\gl_modular_include\lhgl_pipeline.h">
      <Filter>lh_modular\include</Filter>
    </ClInclude>
    <ClInclude Include="gl_modular\gl_modular_include\lhgl_render_base.h">
      <Filter>lh_modular\include</Filter>
    </ClInclude>
    <ClInclude Include="gl_modular\gl_modular_include\lhgl_sharde_base.h">
      <Filter>lh_modular\include</Filter>
    </ClInclude>
    <ClInclude Include="common_gl\common_gl_include\lhgl_vertex_interface.h">
      <Filter>common_gl\common_gl_include</Filter>
    </ClInclude>
    <ClInclude Include="common_gl\common_gl_include\lhgl_vertex_struct.h">
      <Filter>common_gl\common_gl_include</Filter>
    </ClInclude>
    <ClInclude Include="gl_example\gl_example\gl_example.h">
      <Filter>lh_example\gl_example</Filter>
    </ClInclude>
    <ClInclude Include="gl_example\gl_example\gl_example_pyramid.h">
      <Filter>lh_example\gl_example</Filter>
    </ClInclude>
    <ClInclude Include="gl_example\gl_example\lhgl_interface.h">
      <Filter>lh_example\gl_example</Filter>
    </ClInclude>
    <ClInclude Include="gl_example\gl_example\gl_example_model_mx.h">
      <Filter>lh_example\gl_example</Filter>
    </ClInclude>
  </ItemGroup>
  <ItemGroup>
    <ClCompile Include="stdafx.cpp">
      <Filter>Source Files</Filter>
    </ClCompile>
    <ClCompile Include="lhgl.cpp">
      <Filter>Source Files</Filter>
    </ClCompile>
    <ClCompile Include="dllmain.cpp">
      <Filter>Source Files</Filter>
    </ClCompile>
    <ClCompile Include="common_gl\common_gl_source\lhgl_key_trans.cpp">
      <Filter>common_gl\common_gl_source</Filter>
    </ClCompile>
    <ClCompile Include="common_gl\common_gl_source\lhgl_math.cpp">
      <Filter>common_gl\common_gl_source</Filter>
    </ClCompile>
    <ClCompile Include="common_gl\common_gl_source\lhgl_technique.cpp">
      <Filter>common_gl\common_gl_source</Filter>
    </ClCompile>
    <ClCompile Include="common_gl\common_gl_source\lhgl_util.cpp">
      <Filter>common_gl\common_gl_source</Filter>
    </ClCompile>
    <ClCompile Include="common_gl\common_gl_source\set_timer.cpp">
      <Filter>common_gl\common_gl_source</Filter>
    </ClCompile>
    <ClCompile Include="common_gl\common_gl_source\lhgl_atb.cpp">
      <Filter>common_gl\common_gl_source</Filter>
    </ClCompile>
    <ClCompile Include="common_gl\common_gl_source\lhgl_image.cpp">
      <Filter>common_gl\common_gl_source</Filter>
    </ClCompile>
    <ClCompile Include="gl_example\gl_example_source\gl_shadowmap.cpp">
      <Filter>lh_example\source</Filter>
    </ClCompile>
    <ClCompile Include="gl_example\gl_example_source\gl_shardes.cpp">
      <Filter>lh_example\source</Filter>
    </ClCompile>
    <ClCompile Include="gl_example\gl_example_source\gl_vertex.cpp">
      <Filter>lh_example\source</Filter>
    </ClCompile>
    <ClCompile Include="gl_example\gl_example_source\gl_render.cpp">
      <Filter>lh_example\source</Filter>
    </ClCompile>
    <ClCompile Include="gl_modular\gl_modular_source\lhgl_pipeline.cpp">
      <Filter>lh_modular\source</Filter>
    </ClCompile>
    <ClCompile Include="gl_modular\gl_modular_source\lhgl_basic_lights.cpp">
      <Filter>lh_modular\source</Filter>
    </ClCompile>
    <ClCompile Include="gl_modular\gl_modular_source\lhgl_camera.cpp">
      <Filter>lh_modular\source</Filter>
    </ClCompile>
    <ClCompile Include="gl_modular\gl_modular_source\lhgl_mesh.cpp">
      <Filter>lh_modular\source</Filter>
    </ClCompile>
    <ClCompile Include="gl_modular\gl_modular_source\lhgl_sharde_base.cpp">
      <Filter>lh_modular\source</Filter>
    </ClCompile>
    <ClCompile Include="gl_modular\gl_modular_source\lhgl_render_base.cpp">
      <Filter>lh_modular\source</Filter>
    </ClCompile>
    <ClCompile Include="common_gl\common_gl_source\lhgl_vertex_interface.cpp">
      <Filter>common_gl\common_gl_source</Filter>
    </ClCompile>
    <ClCompile Include="gl_example\gl_example\gl_example_pyramid.cpp">
      <Filter>lh_example\gl_example</Filter>
    </ClCompile>
    <ClCompile Include="gl_example\gl_example\lhgl_interface.cpp">
      <Filter>lh_example\gl_example</Filter>
    </ClCompile>
    <ClCompile Include="gl_example\gl_example\gl_example_model_mx.cpp">
      <Filter>lh_example\gl_example</Filter>
    </ClCompile>
  </ItemGroup>
  <ItemGroup>
    <None Include="..\shardes\shader.vs">
      <Filter>Resource Files</Filter>
    </None>
    <None Include="..\shardes\shader.fs">
      <Filter>Resource Files</Filter>
    </None>
    <None Include="..\shardes\shader0.fs">
      <Filter>Resource Files</Filter>
    </None>
    <None Include="..\shardes\shader0.vs">
      <Filter>Resource Files</Filter>
    </None>
    <None Include="..\shardes\shadow_map.fs">
      <Filter>Resource Files</Filter>
    </None>
    <None Include="..\shardes\shadow_map.vs">
      <Filter>Resource Files</Filter>
    </None>
  </ItemGroup>
</Project>