<?xml version="1.0" encoding="utf-8"?>
<Project ToolsVersion="4.0" xmlns="http://schemas.microsoft.com/developer/msbuild/2003">
  <ItemGroup>
    <Filter Include="Source Files">
      <UniqueIdentifier>{4FC737F1-C7A5-4376-A066-2A32D752A2FF}</UniqueIdentifier>
      <Extensions>cpp;c;cc;cxx;def;odl;idl;hpj;bat;asm;asmx</Extensions>
    </Filter>
    <Filter Include="Header Files">
      <UniqueIdentifier>{93995380-89BD-4b04-88EB-625FBE52EBFB}</UniqueIdentifier>
      <Extensions>h;hh;hpp;hxx;hm;inl;inc;xsd</Extensions>
    </Filter>
    <Filter Include="Resource Files">
      <UniqueIdentifier>{67DA6AB6-F800-4c08-8B7A-83BB121AAD01}</UniqueIdentifier>
      <Extensions>rc;ico;cur;bmp;dlg;rc2;rct;bin;rgs;gif;jpg;jpeg;jpe;resx;tiff;tif;png;wav;mfcribbon-ms</Extensions>
    </Filter>
    <Filter Include="lh_include">
      <UniqueIdentifier>{0d436309-ad1e-42b5-99fb-c4d25e23b1a5}</UniqueIdentifier>
    </Filter>
    <Filter Include="common_gl">
      <UniqueIdentifier>{1104595b-657f-445e-bea9-2c2a1177b8ae}</UniqueIdentifier>
    </Filter>
  </ItemGroup>
  <ItemGroup>
    <Text Include="ReadMe.txt" />
  </ItemGroup>
  <ItemGroup>
    <ClInclude Include="stdafx.h">
      <Filter>Header Files</Filter>
    </ClInclude>
    <ClInclude Include="targetver.h">
      <Filter>Header Files</Filter>
    </ClInclude>
    <ClInclude Include="..\lh_include\lhgl.h">
      <Filter>lh_include</Filter>
    </ClInclude>
    <ClInclude Include="common_gl\lhgl_interface.h">
      <Filter>common_gl</Filter>
    </ClInclude>
    <ClInclude Include="common_gl\singleton.h">
      <Filter>common_gl</Filter>
    </ClInclude>
    <ClInclude Include="common_gl\base_config.h">
      <Filter>common_gl</Filter>
    </ClInclude>
    <ClInclude Include="common_gl\set_timer.h">
      <Filter>common_gl</Filter>
    </ClInclude>
    <ClInclude Include="common_gl\lhgl_util.h">
      <Filter>common_gl</Filter>
    </ClInclude>
    <ClInclude Include="common_gl\lhgl_types.h">
      <Filter>common_gl</Filter>
    </ClInclude>
    <ClInclude Include="common_gl\lhgl_shardes.h">
      <Filter>common_gl</Filter>
    </ClInclude>
    <ClInclude Include="..\lh_include\lhgl_config.h">
      <Filter>lh_include</Filter>
    </ClInclude>
    <ClInclude Include="common_gl\lhsharde.h">
      <Filter>common_gl</Filter>
    </ClInclude>
  </ItemGroup>
  <ItemGroup>
    <ClCompile Include="stdafx.cpp">
      <Filter>Source Files</Filter>
    </ClCompile>
    <ClCompile Include="lhgl.cpp">
      <Filter>Source Files</Filter>
    </ClCompile>
    <ClCompile Include="dllmain.cpp">
      <Filter>Source Files</Filter>
    </ClCompile>
    <ClCompile Include="common_gl\lhgl_interface.cpp">
      <Filter>common_gl</Filter>
    </ClCompile>
    <ClCompile Include="common_gl\set_timer.cpp">
      <Filter>common_gl</Filter>
    </ClCompile>
    <ClCompile Include="common_gl\lhgl_util.cpp">
      <Filter>common_gl</Filter>
    </ClCompile>
    <ClCompile Include="common_gl\lhgl_shardes.cpp">
      <Filter>common_gl</Filter>
    </ClCompile>
    <ClCompile Include="common_gl\lhsharde.cpp">
      <Filter>common_gl</Filter>
    </ClCompile>
  </ItemGroup>
  <ItemGroup>
    <None Include="..\shardes\shader.vs">
      <Filter>Resource Files</Filter>
    </None>
    <None Include="..\shardes\shader.fs">
      <Filter>Resource Files</Filter>
    </None>
  </ItemGroup>
</Project>